
Microsoft Visual Studio Solution File, Format Version 12.00
# Visual Studio 15
VisualStudioVersion = 15.0.26430.13
MinimumVisualStudioVersion = 10.0.40219.1
Project("{FAE04EC0-301F-11D3-BF4B-00C04F79EFBC}") = "WebApp", "WebApp\WebApp.csproj", "{4CFC9AA2-1575-4624-A9CF-1274500642E5}"
EndProject
Project("{2150E333-8FDC-42A3-9474-1A3956D46DE8}") = "src", "src", "{87BD4307-50E9-431A-869F-C84968850D31}"
EndProject
Project("{2150E333-8FDC-42A3-9474-1A3956D46DE8}") = "test", "test", "{B152011C-4855-495C-AF26-850EA87BE106}"
EndProject
Project("{FAE04EC0-301F-11D3-BF4B-00C04F79EFBC}") = "WebApp.Tests", "WebApp.Tests\WebApp.Tests.csproj", "{23F7C9B9-E730-4F0C-95F5-3A27DDF96880}"
EndProject
Global
	GlobalSection(SolutionConfigurationPlatforms) = preSolution
		Debug|Any CPU = Debug|Any CPU
		Release|Any CPU = Release|Any CPU
	EndGlobalSection
	GlobalSection(ProjectConfigurationPlatforms) = postSolution
		{4CFC9AA2-1575-4624-A9CF-1274500642E5}.Debug|Any CPU.ActiveCfg = Debug|Any CPU
		{4CFC9AA2-1575-4624-A9CF-1274500642E5}.Debug|Any CPU.Build.0 = Debug|Any CPU
		{4CFC9AA2-1575-4624-A9CF-1274500642E5}.Release|Any CPU.ActiveCfg = Release|Any CPU
		{4CFC9AA2-1575-4624-A9CF-1274500642E5}.Release|Any CPU.Build.0 = Release|Any CPU
		{23F7C9B9-E730-4F0C-95F5-3A27DDF96880}.Debug|Any CPU.ActiveCfg = Debug|Any CPU
		{23F7C9B9-E730-4F0C-95F5-3A27DDF96880}.Debug|Any CPU.Build.0 = Debug|Any CPU
		{23F7C9B9-E730-4F0C-95F5-3A27DDF96880}.Release|Any CPU.ActiveCfg = Release|Any CPU
		{23F7C9B9-E730-4F0C-95F5-3A27DDF96880}.Release|Any CPU.Build.0 = Release|Any CPU
	EndGlobalSection
	GlobalSection(SolutionProperties) = preSolution
		HideSolutionNode = FALSE
	EndGlobalSection
	GlobalSection(NestedProjects) = preSolution
		{4CFC9AA2-1575-4624-A9CF-1274500642E5} = {87BD4307-50E9-431A-869F-C84968850D31}
		{23F7C9B9-E730-4F0C-95F5-3A27DDF96880} = {B152011C-4855-495C-AF26-850EA87BE106}
	EndGlobalSection
EndGlobal
